
Microsoft Visual Studio Solution File, Format Version 12.00
# Visual Studio Version 17
VisualStudioVersion = 17.2.32526.322
MinimumVisualStudioVersion = 10.0.40219.1
Project("{9A19103F-16F7-4668-BE54-9A1E7A4F7556}") = "Gaines Opus Institute Current", "Gaines Opus Institute Current.csproj", "{EA0B5975-43EA-42FF-BA75-D92A33515BDC}"
EndProject
Global
	GlobalSection(SolutionConfigurationPlatforms) = preSolution
		Debug|Any CPU = Debug|Any CPU
		Release|Any CPU = Release|Any CPU
	EndGlobalSection
	GlobalSection(ProjectConfigurationPlatforms) = postSolution
		{EA0B5975-43EA-42FF-BA75-D92A33515BDC}.Debug|Any CPU.ActiveCfg = Debug|Any CPU
		{EA0B5975-43EA-42FF-BA75-D92A33515BDC}.Debug|Any CPU.Build.0 = Debug|Any CPU
		{EA0B5975-43EA-42FF-BA75-D92A33515BDC}.Release|Any CPU.ActiveCfg = Release|Any CPU
		{EA0B5975-43EA-42FF-BA75-D92A33515BDC}.Release|Any CPU.Build.0 = Release|Any CPU
	EndGlobalSection
	GlobalSection(SolutionProperties) = preSolution
		HideSolutionNode = FALSE
	EndGlobalSection
	GlobalSection(ExtensibilityGlobals) = postSolution
		SolutionGuid = {CFA4B252-84B8-4DBB-A890-A25D211631F9}
	EndGlobalSection
EndGlobal
